
Microsoft Visual Studio Solution File, Format Version 12.00
# Visual Studio Version 16
VisualStudioVersion = 16.0.31229.75
MinimumVisualStudioVersion = 10.0.40219.1
Project("{FAE04EC0-301F-11D3-BF4B-00C04F79EFBC}") = "Yffff", "Yffff.csproj", "{24EAB36D-D4FE-4488-A9FB-DD716F597C48}"
EndProject
Global
	GlobalSection(SolutionConfigurationPlatforms) = preSolution
		Debug|Any CPU = Debug|Any CPU
		Release|Any CPU = Release|Any CPU
	EndGlobalSection
	GlobalSection(ProjectConfigurationPlatforms) = postSolution
		{24EAB36D-D4FE-4488-A9FB-DD716F597C48}.Debug|Any CPU.ActiveCfg = Debug|Any CPU
		{24EAB36D-D4FE-4488-A9FB-DD716F597C48}.Debug|Any CPU.Build.0 = Debug|Any CPU
		{24EAB36D-D4FE-4488-A9FB-DD716F597C48}.Release|Any CPU.ActiveCfg = Release|Any CPU
		{24EAB36D-D4FE-4488-A9FB-DD716F597C48}.Release|Any CPU.Build.0 = Release|Any CPU
	EndGlobalSection
	GlobalSection(SolutionProperties) = preSolution
		HideSolutionNode = FALSE
	EndGlobalSection
	GlobalSection(ExtensibilityGlobals) = postSolution
		SolutionGuid = {A872ADBC-90FC-4050-807F-3440C09A19E3}
	EndGlobalSection
EndGlobal
